
Microsoft Visual Studio Solution File, Format Version 12.00
# Visual Studio Version 17
VisualStudioVersion = 17.13.35931.197
MinimumVisualStudioVersion = 10.0.40219.1
Project("{FAE04EC0-301F-11D3-BF4B-00C04F79EFBC}") = "TiaMcpServer.Test", "tests\TiaMcpServer.Test\TiaMcpServer.Test.csproj", "{75B73C6E-3ED2-71DE-B28D-E0CE4579D208}"
EndProject
Project("{FAE04EC0-301F-11D3-BF4B-00C04F79EFBC}") = "TiaMcpServer", "src\TiaMcpServer\TiaMcpServer.csproj", "{9979E0D0-923F-F721-2D6E-3663C0D68B0F}"
EndProject
Project("{2150E333-8FDC-42A3-9474-1A3956D46DE8}") = "tests", "tests", "{679994CE-8C78-4764-86E7-A5BEE0113F43}"
EndProject
Project("{FAE04EC0-301F-11D3-BF4B-00C04F79EFBC}") = "TiaMcpServer.Governance.Test", "tests\TiaMcpServer.Governance.Test\TiaMcpServer.Governance.Test.csproj", "{8F9B740D-82A6-45E6-A671-B6C8A21BF1DD}"
EndProject
Project("{FAE04EC0-301F-11D3-BF4B-00C04F79EFBC}") = "TiaMcpServer.Spec.Test", "tests\TiaMcpServer.Spec.Test\TiaMcpServer.Spec.Test.csproj", "{7701A90C-1317-4591-8D83-25FED267AF0A}"
EndProject
Project("{2150E333-8FDC-42A3-9474-1A3956D46DE8}") = "src", "src", "{75BAA000-874D-4354-AC3F-A88F207AE1C8}"
EndProject
Project("{FAE04EC0-301F-11D3-BF4B-00C04F79EFBC}") = "TiaMcpServer.Portable", "src\TiaMcpServer.Portable\TiaMcpServer.Portable.csproj", "{0FF3DC62-DF35-4384-8BC1-CA2111E7B211}"
EndProject
Global
	GlobalSection(SolutionConfigurationPlatforms) = preSolution
		Debug|Any CPU = Debug|Any CPU
		Release|Any CPU = Release|Any CPU
	EndGlobalSection
	GlobalSection(ProjectConfigurationPlatforms) = postSolution
		{75B73C6E-3ED2-71DE-B28D-E0CE4579D208}.Debug|Any CPU.ActiveCfg = Debug|Any CPU
		{75B73C6E-3ED2-71DE-B28D-E0CE4579D208}.Debug|Any CPU.Build.0 = Debug|Any CPU
		{75B73C6E-3ED2-71DE-B28D-E0CE4579D208}.Release|Any CPU.ActiveCfg = Release|Any CPU
		{75B73C6E-3ED2-71DE-B28D-E0CE4579D208}.Release|Any CPU.Build.0 = Release|Any CPU
		{9979E0D0-923F-F721-2D6E-3663C0D68B0F}.Debug|Any CPU.ActiveCfg = Debug|Any CPU
		{9979E0D0-923F-F721-2D6E-3663C0D68B0F}.Debug|Any CPU.Build.0 = Debug|Any CPU
		{9979E0D0-923F-F721-2D6E-3663C0D68B0F}.Release|Any CPU.ActiveCfg = Release|Any CPU
		{9979E0D0-923F-F721-2D6E-3663C0D68B0F}.Release|Any CPU.Build.0 = Release|Any CPU
		{8F9B740D-82A6-45E6-A671-B6C8A21BF1DD}.Debug|Any CPU.ActiveCfg = Debug|Any CPU
		{8F9B740D-82A6-45E6-A671-B6C8A21BF1DD}.Debug|Any CPU.Build.0 = Debug|Any CPU
		{8F9B740D-82A6-45E6-A671-B6C8A21BF1DD}.Release|Any CPU.ActiveCfg = Release|Any CPU
		{8F9B740D-82A6-45E6-A671-B6C8A21BF1DD}.Release|Any CPU.Build.0 = Release|Any CPU
		{7701A90C-1317-4591-8D83-25FED267AF0A}.Debug|Any CPU.ActiveCfg = Debug|Any CPU
		{7701A90C-1317-4591-8D83-25FED267AF0A}.Debug|Any CPU.Build.0 = Debug|Any CPU
		{7701A90C-1317-4591-8D83-25FED267AF0A}.Release|Any CPU.ActiveCfg = Release|Any CPU
		{7701A90C-1317-4591-8D83-25FED267AF0A}.Release|Any CPU.Build.0 = Release|Any CPU
		{0FF3DC62-DF35-4384-8BC1-CA2111E7B211}.Debug|Any CPU.ActiveCfg = Debug|Any CPU
		{0FF3DC62-DF35-4384-8BC1-CA2111E7B211}.Debug|Any CPU.Build.0 = Debug|Any CPU
		{0FF3DC62-DF35-4384-8BC1-CA2111E7B211}.Release|Any CPU.ActiveCfg = Release|Any CPU
		{0FF3DC62-DF35-4384-8BC1-CA2111E7B211}.Release|Any CPU.Build.0 = Release|Any CPU
	EndGlobalSection
	GlobalSection(SolutionProperties) = preSolution
		HideSolutionNode = FALSE
	EndGlobalSection
	GlobalSection(ExtensibilityGlobals) = postSolution
		SolutionGuid = {126264AE-6DBE-4666-9702-855C73562D58}
	EndGlobalSection
	GlobalSection(NestedProjects) = preSolution
		{8F9B740D-82A6-45E6-A671-B6C8A21BF1DD} = {679994CE-8C78-4764-86E7-A5BEE0113F43}
		{7701A90C-1317-4591-8D83-25FED267AF0A} = {679994CE-8C78-4764-86E7-A5BEE0113F43}
		{0FF3DC62-DF35-4384-8BC1-CA2111E7B211} = {75BAA000-874D-4354-AC3F-A88F207AE1C8}
	EndGlobalSection
EndGlobal
